{
  "requires": true,
  "lockfileVersion": 1,
  "dependencies": {
    "he": {
      "version": "0.4.1",
      "resolved": "https://registry.npmjs.org/he/-/he-0.4.1.tgz",
      "integrity": "sha1-yGZnYU0t1xvHN6GXx2D7LuyKGSE="
    },
    "split": {
      "version": "0.3.3",
      "resolved": "https://registry.npmjs.org/split/-/split-0.3.3.tgz",
      "integrity": "sha1-zQ7qXmOiEd//frDwkcQTPi0N0o8=",
      "requires": {
        "through": "2"
      }
    },
    "through": {
      "version": "2.3.8",
      "resolved": "https://registry.npmjs.org/through/-/through-2.3.8.tgz",
      "integrity": "sha1-DdTJ/6q8NXlgsbckEV1+Doai4fU="
    },
    "unrtf": {
      "version": "0.2.1",
      "resolved": "https://registry.npmjs.org/unrtf/-/unrtf-0.2.1.tgz",
      "integrity": "sha1-j8r8ICI3CbyKVJATYXOLcvG/B30=",
      "requires": {
        "he": "^0.4.1",
        "split": "^0.3.0"
      }
    }
  }
}
